
Microsoft Visual Studio Solution File, Format Version 12.00
# Visual Studio Version 17
VisualStudioVersion = 17.5.33516.290
MinimumVisualStudioVersion = 10.0.40219.1
Project("{FAE04EC0-301F-11D3-BF4B-00C04F79EFBC}") = "MenuRandomizer", "MenuRandomizer.csproj", "{58EFA18A-2666-4F75-A7FE-E0B5ED92369E}"
EndProject
Global
	GlobalSection(SolutionConfigurationPlatforms) = preSolution
		Debug|Any CPU = Debug|Any CPU
		Release|Any CPU = Release|Any CPU
	EndGlobalSection
	GlobalSection(ProjectConfigurationPlatforms) = postSolution
		{58EFA18A-2666-4F75-A7FE-E0B5ED92369E}.Debug|Any CPU.ActiveCfg = Debug|Any CPU
		{58EFA18A-2666-4F75-A7FE-E0B5ED92369E}.Debug|Any CPU.Build.0 = Debug|Any CPU
		{58EFA18A-2666-4F75-A7FE-E0B5ED92369E}.Release|Any CPU.ActiveCfg = Release|Any CPU
		{58EFA18A-2666-4F75-A7FE-E0B5ED92369E}.Release|Any CPU.Build.0 = Release|Any CPU
	EndGlobalSection
	GlobalSection(SolutionProperties) = preSolution
		HideSolutionNode = FALSE
	EndGlobalSection
	GlobalSection(ExtensibilityGlobals) = postSolution
		SolutionGuid = {31862CCF-CE92-4180-8778-DF7EC1F8D043}
	EndGlobalSection
EndGlobal
